
Microsoft Visual Studio Solution File, Format Version 12.00
# Visual Studio Version 16
VisualStudioVersion = 16.0.30717.126
MinimumVisualStudioVersion = 10.0.40219.1
Project("{FAE04EC0-301F-11D3-BF4B-00C04F79EFBC}") = "Extensions", "extension\Extensions.csproj", "{C97B1C2A-625C-4D2F-B3B6-53F3A25D348D}"
EndProject
Project("{9A19103F-16F7-4668-BE54-9A1E7A4F7556}") = "IFrameSpecFlow", "IFrameSpecFlow\IFrameSpecFlow.csproj", "{54C3B673-9D98-48DC-8C46-DBB0220E3A6F}"
EndProject
Project("{9A19103F-16F7-4668-BE54-9A1E7A4F7556}") = "BasicAuthorizationSpecFlowProject", "BasicAuthorizationSpecFlowProject\BasicAuthorizationSpecFlowProject.csproj", "{D2BFFFCB-2310-4451-ADD3-91F226201F1E}"
EndProject
Project("{9A19103F-16F7-4668-BE54-9A1E7A4F7556}") = "REStAPISpecFlow", "REStAPISpecFlow\REStAPISpecFlow.csproj", "{CD107072-3797-4345-832C-58F3A2B77D27}"
EndProject
Project("{FAE04EC0-301F-11D3-BF4B-00C04F79EFBC}") = "CookiesSpecFlow", "CookiesSpecFlow\CookiesSpecFlow.csproj", "{1DB1F9F8-B085-4B5B-AA03-BF3C60F34F16}"
EndProject
Global
	GlobalSection(SolutionConfigurationPlatforms) = preSolution
		Debug|Any CPU = Debug|Any CPU
		Release|Any CPU = Release|Any CPU
	EndGlobalSection
	GlobalSection(ProjectConfigurationPlatforms) = postSolution
		{C97B1C2A-625C-4D2F-B3B6-53F3A25D348D}.Debug|Any CPU.ActiveCfg = Debug|Any CPU
		{C97B1C2A-625C-4D2F-B3B6-53F3A25D348D}.Debug|Any CPU.Build.0 = Debug|Any CPU
		{C97B1C2A-625C-4D2F-B3B6-53F3A25D348D}.Release|Any CPU.ActiveCfg = Release|Any CPU
		{C97B1C2A-625C-4D2F-B3B6-53F3A25D348D}.Release|Any CPU.Build.0 = Release|Any CPU
		{54C3B673-9D98-48DC-8C46-DBB0220E3A6F}.Debug|Any CPU.ActiveCfg = Debug|Any CPU
		{54C3B673-9D98-48DC-8C46-DBB0220E3A6F}.Debug|Any CPU.Build.0 = Debug|Any CPU
		{54C3B673-9D98-48DC-8C46-DBB0220E3A6F}.Release|Any CPU.ActiveCfg = Release|Any CPU
		{54C3B673-9D98-48DC-8C46-DBB0220E3A6F}.Release|Any CPU.Build.0 = Release|Any CPU
		{D2BFFFCB-2310-4451-ADD3-91F226201F1E}.Debug|Any CPU.ActiveCfg = Debug|Any CPU
		{D2BFFFCB-2310-4451-ADD3-91F226201F1E}.Debug|Any CPU.Build.0 = Debug|Any CPU
		{D2BFFFCB-2310-4451-ADD3-91F226201F1E}.Release|Any CPU.ActiveCfg = Release|Any CPU
		{D2BFFFCB-2310-4451-ADD3-91F226201F1E}.Release|Any CPU.Build.0 = Release|Any CPU
		{CD107072-3797-4345-832C-58F3A2B77D27}.Debug|Any CPU.ActiveCfg = Debug|Any CPU
		{CD107072-3797-4345-832C-58F3A2B77D27}.Debug|Any CPU.Build.0 = Debug|Any CPU
		{CD107072-3797-4345-832C-58F3A2B77D27}.Release|Any CPU.ActiveCfg = Release|Any CPU
		{CD107072-3797-4345-832C-58F3A2B77D27}.Release|Any CPU.Build.0 = Release|Any CPU
		{1DB1F9F8-B085-4B5B-AA03-BF3C60F34F16}.Debug|Any CPU.ActiveCfg = Debug|Any CPU
		{1DB1F9F8-B085-4B5B-AA03-BF3C60F34F16}.Debug|Any CPU.Build.0 = Debug|Any CPU
		{1DB1F9F8-B085-4B5B-AA03-BF3C60F34F16}.Release|Any CPU.ActiveCfg = Release|Any CPU
		{1DB1F9F8-B085-4B5B-AA03-BF3C60F34F16}.Release|Any CPU.Build.0 = Release|Any CPU
	EndGlobalSection
	GlobalSection(SolutionProperties) = preSolution
		HideSolutionNode = FALSE
	EndGlobalSection
	GlobalSection(ExtensibilityGlobals) = postSolution
		SolutionGuid = {A8180FE0-FDF4-4A9C-ADF8-68224BE4E3D4}
	EndGlobalSection
EndGlobal
